
Microsoft Visual Studio Solution File, Format Version 12.00
# Visual Studio Version 17
VisualStudioVersion = 17.6.33815.320
MinimumVisualStudioVersion = 10.0.40219.1
Project("{FAE04EC0-301F-11D3-BF4B-00C04F79EFBC}") = "GraphTheory", "GraphTheory\GraphTheory.csproj", "{457A8E6A-E018-4C71-84D4-4849424911D7}"
EndProject
Project("{FAE04EC0-301F-11D3-BF4B-00C04F79EFBC}") = "GraphTheory.Tests", "GraphTheory.Tests\GraphTheory.Tests.csproj", "{33BBD6F5-8DCA-4C95-A886-960626AB7805}"
EndProject
Global
	GlobalSection(SolutionConfigurationPlatforms) = preSolution
		Debug|Any CPU = Debug|Any CPU
		Release|Any CPU = Release|Any CPU
	EndGlobalSection
	GlobalSection(ProjectConfigurationPlatforms) = postSolution
		{457A8E6A-E018-4C71-84D4-4849424911D7}.Debug|Any CPU.ActiveCfg = Debug|Any CPU
		{457A8E6A-E018-4C71-84D4-4849424911D7}.Debug|Any CPU.Build.0 = Debug|Any CPU
		{457A8E6A-E018-4C71-84D4-4849424911D7}.Release|Any CPU.ActiveCfg = Release|Any CPU
		{457A8E6A-E018-4C71-84D4-4849424911D7}.Release|Any CPU.Build.0 = Release|Any CPU
		{33BBD6F5-8DCA-4C95-A886-960626AB7805}.Debug|Any CPU.ActiveCfg = Debug|Any CPU
		{33BBD6F5-8DCA-4C95-A886-960626AB7805}.Debug|Any CPU.Build.0 = Debug|Any CPU
		{33BBD6F5-8DCA-4C95-A886-960626AB7805}.Release|Any CPU.ActiveCfg = Release|Any CPU
		{33BBD6F5-8DCA-4C95-A886-960626AB7805}.Release|Any CPU.Build.0 = Release|Any CPU
	EndGlobalSection
	GlobalSection(SolutionProperties) = preSolution
		HideSolutionNode = FALSE
	EndGlobalSection
	GlobalSection(ExtensibilityGlobals) = postSolution
		SolutionGuid = {08287DBF-EAA8-45EF-919B-B31EB215B31C}
	EndGlobalSection
EndGlobal
